// !$*UTF8*$!
{
	archiveVersion = 1;
	classes = {
	};
	objectVersion = 46;
	objects = {

/* Begin PBXBuildFile section */
		43925F8E1BB7008C009D2E77 /* AppDelegate.swift in Sources */ = {isa = PBXBuildFile; fileRef = 43925F8D1BB7008C009D2E77 /* AppDelegate.swift */; };
		43925F931BB7008C009D2E77 /* Main.storyboard in Resources */ = {isa = PBXBuildFile; fileRef = 43925F911BB7008C009D2E77 /* Main.storyboard */; };
		43925F951BB7008C009D2E77 /* Assets.xcassets in Resources */ = {isa = PBXBuildFile; fileRef = 43925F941BB7008C009D2E77 /* Assets.xcassets */; };
		43925F981BB7008C009D2E77 /* LaunchScreen.storyboard in Resources */ = {isa = PBXBuildFile; fileRef = 43925F961BB7008C009D2E77 /* LaunchScreen.storyboard */; };
		43925FA31BB7008C009D2E77 /* MaldonadoJulio_hw3Tests.swift in Sources */ = {isa = PBXBuildFile; fileRef = 43925FA21BB7008C009D2E77 /* MaldonadoJulio_hw3Tests.swift */; };
		43925FAE1BB7008D009D2E77 /* MaldonadoJulio_hw3UITests.swift in Sources */ = {isa = PBXBuildFile; fileRef = 43925FAD1BB7008D009D2E77 /* MaldonadoJulio_hw3UITests.swift */; };
		43925FBC1BB70533009D2E77 /* TableViewController.swift in Sources */ = {isa = PBXBuildFile; fileRef = 43925FBB1BB70533009D2E77 /* TableViewController.swift */; settings = {ASSET_TAGS = (); }; };
		43925FCE1BB7140C009D2E77 /* ClubsAce.png in Resources */ = {isa = PBXBuildFile; fileRef = 43925FBE1BB7140C009D2E77 /* ClubsAce.png */; settings = {ASSET_TAGS = (); }; };
		43925FCF1BB7140C009D2E77 /* ClubsJack.png in Resources */ = {isa = PBXBuildFile; fileRef = 43925FBF1BB7140C009D2E77 /* ClubsJack.png */; settings = {ASSET_TAGS = (); }; };
		43925FD01BB7140C009D2E77 /* ClubsKing.png in Resources */ = {isa = PBXBuildFile; fileRef = 43925FC01BB7140C009D2E77 /* ClubsKing.png */; settings = {ASSET_TAGS = (); }; };
		43925FD11BB7140C009D2E77 /* ClubsQueen.png in Resources */ = {isa = PBXBuildFile; fileRef = 43925FC11BB7140C009D2E77 /* ClubsQueen.png */; settings = {ASSET_TAGS = (); }; };
		43925FD21BB7140C009D2E77 /* DiamondsAce.png in Resources */ = {isa = PBXBuildFile; fileRef = 43925FC21BB7140C009D2E77 /* DiamondsAce.png */; settings = {ASSET_TAGS = (); }; };
		43925FD31BB7140C009D2E77 /* DiamondsJack.png in Resources */ = {isa = PBXBuildFile; fileRef = 43925FC31BB7140C009D2E77 /* DiamondsJack.png */; settings = {ASSET_TAGS = (); }; };
		43925FD41BB7140C009D2E77 /* DiamondsKing.png in Resources */ = {isa = PBXBuildFile; fileRef = 43925FC41BB7140C009D2E77 /* DiamondsKing.png */; settings = {ASSET_TAGS = (); }; };
		43925FD51BB7140C009D2E77 /* DiamondsQueen.png in Resources */ = {isa = PBXBuildFile; fileRef = 43925FC51BB7140C009D2E77 /* DiamondsQueen.png */; settings = {ASSET_TAGS = (); }; };
		43925FD61BB7140C009D2E77 /* HeartsAce.png in Resources */ = {isa = PBXBuildFile; fileRef = 43925FC61BB7140C009D2E77 /* HeartsAce.png */; settings = {ASSET_TAGS = (); }; };
		43925FD71BB7140C009D2E77 /* HeartsJack.png in Resources */ = {isa = PBXBuildFile; fileRef = 43925FC71BB7140C009D2E77 /* HeartsJack.png */; settings = {ASSET_TAGS = (); }; };
		43925FD81BB7140C009D2E77 /* HeartsKing.png in Resources */ = {isa = PBXBuildFile; fileRef = 43925FC81BB7140C009D2E77 /* HeartsKing.png */; settings = {ASSET_TAGS = (); }; };
		43925FD91BB7140C009D2E77 /* HeartsQueen.png in Resources */ = {isa = PBXBuildFile; fileRef = 43925FC91BB7140C009D2E77 /* HeartsQueen.png */; settings = {ASSET_TAGS = (); }; };
		43925FDA1BB7140C009D2E77 /* SpadesAce.png in Resources */ = {isa = PBXBuildFile; fileRef = 43925FCA1BB7140C009D2E77 /* SpadesAce.png */; settings = {ASSET_TAGS = (); }; };
		43925FDB1BB7140C009D2E77 /* SpadesJack.png in Resources */ = {isa = PBXBuildFile; fileRef = 43925FCB1BB7140C009D2E77 /* SpadesJack.png */; settings = {ASSET_TAGS = (); }; };
		43925FDC1BB7140C009D2E77 /* SpadesKing.png in Resources */ = {isa = PBXBuildFile; fileRef = 43925FCC1BB7140C009D2E77 /* SpadesKing.png */; settings = {ASSET_TAGS = (); }; };
		43925FDD1BB7140C009D2E77 /* SpadesQueen.png in Resources */ = {isa = PBXBuildFile; fileRef = 43925FCD1BB7140C009D2E77 /* SpadesQueen.png */; settings = {ASSET_TAGS = (); }; };
		43925FE11BB71F0B009D2E77 /* Card.swift in Sources */ = {isa = PBXBuildFile; fileRef = 43925FE01BB71F0B009D2E77 /* Card.swift */; settings = {ASSET_TAGS = (); }; };
		43925FEB1BB78AB9009D2E77 /* CVCell.swift in Sources */ = {isa = PBXBuildFile; fileRef = 43925FEA1BB78AB9009D2E77 /* CVCell.swift */; settings = {ASSET_TAGS = (); }; };
		43925FED1BB78C6E009D2E77 /* CVController.swift in Sources */ = {isa = PBXBuildFile; fileRef = 43925FEC1BB78C6E009D2E77 /* CVController.swift */; settings = {ASSET_TAGS = (); }; };
/* End PBXBuildFile section */

/* Begin PBXContainerItemProxy section */
		43925F9F1BB7008C009D2E77 /* PBXContainerItemProxy */ = {
			isa = PBXContainerItemProxy;
			containerPortal = 43925F821BB7008C009D2E77 /* Project object */;
			proxyType = 1;
			remoteGlobalIDString = 43925F891BB7008C009D2E77;
			remoteInfo = "MaldonadoJulio-hw3";
		};
		43925FAA1BB7008D009D2E77 /* PBXContainerItemProxy */ = {
			isa = PBXContainerItemProxy;
			containerPortal = 43925F821BB7008C009D2E77 /* Project object */;
			proxyType = 1;
			remoteGlobalIDString = 43925F891BB7008C009D2E77;
			remoteInfo = "MaldonadoJulio-hw3";
		};
/* End PBXContainerItemProxy section */

/* Begin PBXFileReference section */
		43925F8A1BB7008C009D2E77 /* MaldonadoJulio-hw3.app */ = {isa = PBXFileReference; explicitFileType = wrapper.application; includeInIndex = 0; path = "MaldonadoJulio-hw3.app"; sourceTree = BUILT_PRODUCTS_DIR; };
		43925F8D1BB7008C009D2E77 /* AppDelegate.swift */ = {isa = PBXFileReference; lastKnownFileType = sourcecode.swift; path = AppDelegate.swift; sourceTree = "<group>"; };
		43925F921BB7008C009D2E77 /* Base */ = {isa = PBXFileReference; lastKnownFileType = file.storyboard; name = Base; path = Base.lproj/Main.storyboard; sourceTree = "<group>"; };
		43925F941BB7008C009D2E77 /* Assets.xcassets */ = {isa = PBXFileReference; lastKnownFileType = folder.assetcatalog; path = Assets.xcassets; sourceTree = "<group>"; };
		43925F971BB7008C009D2E77 /* Base */ = {isa = PBXFileReference; lastKnownFileType = file.storyboard; name = Base; path = Base.lproj/LaunchScreen.storyboard; sourceTree = "<group>"; };
		43925F991BB7008C009D2E77 /* Info.plist */ = {isa = PBXFileReference; lastKnownFileType = text.plist.xml; path = Info.plist; sourceTree = "<group>"; };
		43925F9E1BB7008C009D2E77 /* MaldonadoJulio-hw3Tests.xctest */ = {isa = PBXFileReference; explicitFileType = wrapper.cfbundle; includeInIndex = 0; path = "MaldonadoJulio-hw3Tests.xctest"; sourceTree = BUILT_PRODUCTS_DIR; };
		43925FA21BB7008C009D2E77 /* MaldonadoJulio_hw3Tests.swift */ = {isa = PBXFileReference; lastKnownFileType = sourcecode.swift; path = MaldonadoJulio_hw3Tests.swift; sourceTree = "<group>"; };
		43925FA41BB7008C009D2E77 /* Info.plist */ = {isa = PBXFileReference; lastKnownFileType = text.plist.xml; path = Info.plist; sourceTree = "<group>"; };
		43925FA91BB7008D009D2E77 /* MaldonadoJulio-hw3UITests.xctest */ = {isa = PBXFileReference; explicitFileType = wrapper.cfbundle; includeInIndex = 0; path = "MaldonadoJulio-hw3UITests.xctest"; sourceTree = BUILT_PRODUCTS_DIR; };
		43925FAD1BB7008D009D2E77 /* MaldonadoJulio_hw3UITests.swift */ = {isa = PBXFileReference; lastKnownFileType = sourcecode.swift; path = MaldonadoJulio_hw3UITests.swift; sourceTree = "<group>"; };
		43925FAF1BB7008D009D2E77 /* Info.plist */ = {isa = PBXFileReference; lastKnownFileType = text.plist.xml; path = Info.plist; sourceTree = "<group>"; };
		43925FBB1BB70533009D2E77 /* TableViewController.swift */ = {isa = PBXFileReference; fileEncoding = 4; lastKnownFileType = sourcecode.swift; path = TableViewController.swift; sourceTree = "<group>"; };
		43925FBE1BB7140C009D2E77 /* ClubsAce.png */ = {isa = PBXFileReference; lastKnownFileType = image.png; path = ClubsAce.png; sourceTree = "<group>"; };
		43925FBF1BB7140C009D2E77 /* ClubsJack.png */ = {isa = PBXFileReference; lastKnownFileType = image.png; path = ClubsJack.png; sourceTree = "<group>"; };
		43925FC01BB7140C009D2E77 /* ClubsKing.png */ = {isa = PBXFileReference; lastKnownFileType = image.png; path = ClubsKing.png; sourceTree = "<group>"; };
		43925FC11BB7140C009D2E77 /* ClubsQueen.png */ = {isa = PBXFileReference; lastKnownFileType = image.png; path = ClubsQueen.png; sourceTree = "<group>"; };
		43925FC21BB7140C009D2E77 /* DiamondsAce.png */ = {isa = PBXFileReference; lastKnownFileType = image.png; path = DiamondsAce.png; sourceTree = "<group>"; };
		43925FC31BB7140C009D2E77 /* DiamondsJack.png */ = {isa = PBXFileReference; lastKnownFileType = image.png; path = DiamondsJack.png; sourceTree = "<group>"; };
		43925FC41BB7140C009D2E77 /* DiamondsKing.png */ = {isa = PBXFileReference; lastKnownFileType = image.png; path = DiamondsKing.png; sourceTree = "<group>"; };
		43925FC51BB7140C009D2E77 /* DiamondsQueen.png */ = {isa = PBXFileReference; lastKnownFileType = image.png; path = DiamondsQueen.png; sourceTree = "<group>"; };
		43925FC61BB7140C009D2E77 /* HeartsAce.png */ = {isa = PBXFileReference; lastKnownFileType = image.png; path = HeartsAce.png; sourceTree = "<group>"; };
		43925FC71BB7140C009D2E77 /* HeartsJack.png */ = {isa = PBXFileReference; lastKnownFileType = image.png; path = HeartsJack.png; sourceTree = "<group>"; };
		43925FC81BB7140C009D2E77 /* HeartsKing.png */ = {isa = PBXFileReference; lastKnownFileType = image.png; path = HeartsKing.png; sourceTree = "<group>"; };
		43925FC91BB7140C009D2E77 /* HeartsQueen.png */ = {isa = PBXFileReference; lastKnownFileType = image.png; path = HeartsQueen.png; sourceTree = "<group>"; };
		43925FCA1BB7140C009D2E77 /* SpadesAce.png */ = {isa = PBXFileReference; lastKnownFileType = image.png; path = SpadesAce.png; sourceTree = "<group>"; };
		43925FCB1BB7140C009D2E77 /* SpadesJack.png */ = {isa = PBXFileReference; lastKnownFileType = image.png; path = SpadesJack.png; sourceTree = "<group>"; };
		43925FCC1BB7140C009D2E77 /* SpadesKing.png */ = {isa = PBXFileReference; lastKnownFileType = image.png; path = SpadesKing.png; sourceTree = "<group>"; };
		43925FCD1BB7140C009D2E77 /* SpadesQueen.png */ = {isa = PBXFileReference; lastKnownFileType = image.png; path = SpadesQueen.png; sourceTree = "<group>"; };
		43925FE01BB71F0B009D2E77 /* Card.swift */ = {isa = PBXFileReference; fileEncoding = 4; lastKnownFileType = sourcecode.swift; path = Card.swift; sourceTree = "<group>"; };
		43925FEA1BB78AB9009D2E77 /* CVCell.swift */ = {isa = PBXFileReference; fileEncoding = 4; lastKnownFileType = sourcecode.swift; path = CVCell.swift; sourceTree = "<group>"; };
		43925FEC1BB78C6E009D2E77 /* CVController.swift */ = {isa = PBXFileReference; fileEncoding = 4; lastKnownFileType = sourcecode.swift; path = CVController.swift; sourceTree = "<group>"; };
/* End PBXFileReference section */

/* Begin PBXFrameworksBuildPhase section */
		43925F871BB7008C009D2E77 /* Frameworks */ = {
			isa = PBXFrameworksBuildPhase;
			buildActionMask = 2147483647;
			files = (
			);
			runOnlyForDeploymentPostprocessing = 0;
		};
		43925F9B1BB7008C009D2E77 /* Frameworks */ = {
			isa = PBXFrameworksBuildPhase;
			buildActionMask = 2147483647;
			files = (
			);
			runOnlyForDeploymentPostprocessing = 0;
		};
		43925FA61BB7008D009D2E77 /* Frameworks */ = {
			isa = PBXFrameworksBuildPhase;
			buildActionMask = 2147483647;
			files = (
			);
			runOnlyForDeploymentPostprocessing = 0;
		};
/* End PBXFrameworksBuildPhase section */

/* Begin PBXGroup section */
		43925F811BB7008C009D2E77 = {
			isa = PBXGroup;
			children = (
				43925F8C1BB7008C009D2E77 /* MaldonadoJulio-hw3 */,
				43925FA11BB7008C009D2E77 /* MaldonadoJulio-hw3Tests */,
				43925FAC1BB7008D009D2E77 /* MaldonadoJulio-hw3UITests */,
				43925F8B1BB7008C009D2E77 /* Products */,
			);
			sourceTree = "<group>";
		};
		43925F8B1BB7008C009D2E77 /* Products */ = {
			isa = PBXGroup;
			children = (
				43925F8A1BB7008C009D2E77 /* MaldonadoJulio-hw3.app */,
				43925F9E1BB7008C009D2E77 /* MaldonadoJulio-hw3Tests.xctest */,
				43925FA91BB7008D009D2E77 /* MaldonadoJulio-hw3UITests.xctest */,
			);
			name = Products;
			sourceTree = "<group>";
		};
		43925F8C1BB7008C009D2E77 /* MaldonadoJulio-hw3 */ = {
			isa = PBXGroup;
			children = (
				43925FBD1BB713B9009D2E77 /* Images */,
				43925F8D1BB7008C009D2E77 /* AppDelegate.swift */,
				43925F911BB7008C009D2E77 /* Main.storyboard */,
				43925F941BB7008C009D2E77 /* Assets.xcassets */,
				43925F961BB7008C009D2E77 /* LaunchScreen.storyboard */,
				43925F991BB7008C009D2E77 /* Info.plist */,
				43925FE01BB71F0B009D2E77 /* Card.swift */,
				43925FEA1BB78AB9009D2E77 /* CVCell.swift */,
				43925FBB1BB70533009D2E77 /* TableViewController.swift */,
				43925FEC1BB78C6E009D2E77 /* CVController.swift */,
			);
			path = "MaldonadoJulio-hw3";
			sourceTree = "<group>";
		};
		43925FA11BB7008C009D2E77 /* MaldonadoJulio-hw3Tests */ = {
			isa = PBXGroup;
			children = (
				43925FA21BB7008C009D2E77 /* MaldonadoJulio_hw3Tests.swift */,
				43925FA41BB7008C009D2E77 /* Info.plist */,
			);
			path = "MaldonadoJulio-hw3Tests";
			sourceTree = "<group>";
		};
		43925FAC1BB7008D009D2E77 /* MaldonadoJulio-hw3UITests */ = {
			isa = PBXGroup;
			children = (
				43925FAD1BB7008D009D2E77 /* MaldonadoJulio_hw3UITests.swift */,
				43925FAF1BB7008D009D2E77 /* Info.plist */,
			);
			path = "MaldonadoJulio-hw3UITests";
			sourceTree = "<group>";
		};
		43925FBD1BB713B9009D2E77 /* Images */ = {
			isa = PBXGroup;
			children = (
				43925FBE1BB7140C009D2E77 /* ClubsAce.png */,
				43925FBF1BB7140C009D2E77 /* ClubsJack.png */,
				43925FC01BB7140C009D2E77 /* ClubsKing.png */,
				43925FC11BB7140C009D2E77 /* ClubsQueen.png */,
				43925FC21BB7140C009D2E77 /* DiamondsAce.png */,
				43925FC31BB7140C009D2E77 /* DiamondsJack.png */,
				43925FC41BB7140C009D2E77 /* DiamondsKing.png */,
				43925FC51BB7140C009D2E77 /* DiamondsQueen.png */,
				43925FC61BB7140C009D2E77 /* HeartsAce.png */,
				43925FC71BB7140C009D2E77 /* HeartsJack.png */,
				43925FC81BB7140C009D2E77 /* HeartsKing.png */,
				43925FC91BB7140C009D2E77 /* HeartsQueen.png */,
				43925FCA1BB7140C009D2E77 /* SpadesAce.png */,
				43925FCB1BB7140C009D2E77 /* SpadesJack.png */,
				43925FCC1BB7140C009D2E77 /* SpadesKing.png */,
				43925FCD1BB7140C009D2E77 /* SpadesQueen.png */,
			);
			name = Images;
			sourceTree = "<group>";
		};
/* End PBXGroup section */

/* Begin PBXNativeTarget section */
		43925F891BB7008C009D2E77 /* MaldonadoJulio-hw3 */ = {
			isa = PBXNativeTarget;
			buildConfigurationList = 43925FB21BB7008D009D2E77 /* Build configuration list for PBXNativeTarget "MaldonadoJulio-hw3" */;
			buildPhases = (
				43925F861BB7008C009D2E77 /* Sources */,
				43925F871BB7008C009D2E77 /* Frameworks */,
				43925F881BB7008C009D2E77 /* Resources */,
			);
			buildRules = (
			);
			dependencies = (
			);
			name = "MaldonadoJulio-hw3";
			productName = "MaldonadoJulio-hw3";
			productReference = 43925F8A1BB7008C009D2E77 /* MaldonadoJulio-hw3.app */;
			productType = "com.apple.product-type.application";
		};
		43925F9D1BB7008C009D2E77 /* MaldonadoJulio-hw3Tests */ = {
			isa = PBXNativeTarget;
			buildConfigurationList = 43925FB51BB7008D009D2E77 /* Build configuration list for PBXNativeTarget "MaldonadoJulio-hw3Tests" */;
			buildPhases = (
				43925F9A1BB7008C009D2E77 /* Sources */,
				43925F9B1BB7008C009D2E77 /* Frameworks */,
				43925F9C1BB7008C009D2E77 /* Resources */,
			);
			buildRules = (
			);
			dependencies = (
				43925FA01BB7008C009D2E77 /* PBXTargetDependency */,
			);
			name = "MaldonadoJulio-hw3Tests";
			productName = "MaldonadoJulio-hw3Tests";
			productReference = 43925F9E1BB7008C009D2E77 /* MaldonadoJulio-hw3Tests.xctest */;
			productType = "com.apple.product-type.bundle.unit-test";
		};
		43925FA81BB7008D009D2E77 /* MaldonadoJulio-hw3UITests */ = {
			isa = PBXNativeTarget;
			buildConfigurationList = 43925FB81BB7008D009D2E77 /* Build configuration list for PBXNativeTarget "MaldonadoJulio-hw3UITests" */;
			buildPhases = (
				43925FA51BB7008D009D2E77 /* Sources */,
				43925FA61BB7008D009D2E77 /* Frameworks */,
				43925FA71BB7008D009D2E77 /* Resources */,
			);
			buildRules = (
			);
			dependencies = (
				43925FAB1BB7008D009D2E77 /* PBXTargetDependency */,
			);
			name = "MaldonadoJulio-hw3UITests";
			productName = "MaldonadoJulio-hw3UITests";
			productReference = 43925FA91BB7008D009D2E77 /* MaldonadoJulio-hw3UITests.xctest */;
			productType = "com.apple.product-type.bundle.ui-testing";
		};
/* End PBXNativeTarget section */

/* Begin PBXProject section */
		43925F821BB7008C009D2E77 /* Project object */ = {
			isa = PBXProject;
			attributes = {
				LastUpgradeCheck = 0700;
				ORGANIZATIONNAME = "Julio Maldonado";
				TargetAttributes = {
					43925F891BB7008C009D2E77 = {
						CreatedOnToolsVersion = 7.0;
						DevelopmentTeam = A9247F828R;
					};
					43925F9D1BB7008C009D2E77 = {
						CreatedOnToolsVersion = 7.0;
						DevelopmentTeam = A9247F828R;
						TestTargetID = 43925F891BB7008C009D2E77;
					};
					43925FA81BB7008D009D2E77 = {
						CreatedOnToolsVersion = 7.0;
						DevelopmentTeam = A9247F828R;
						TestTargetID = 43925F891BB7008C009D2E77;
					};
				};
			};
			buildConfigurationList = 43925F851BB7008C009D2E77 /* Build configuration list for PBXProject "MaldonadoJulio-hw3" */;
			compatibilityVersion = "Xcode 3.2";
			developmentRegion = English;
			hasScannedForEncodings = 0;
			knownRegions = (
				en,
				Base,
			);
			mainGroup = 43925F811BB7008C009D2E77;
			productRefGroup = 43925F8B1BB7008C009D2E77 /* Products */;
			projectDirPath = "";
			projectRoot = "";
			targets = (
				43925F891BB7008C009D2E77 /* MaldonadoJulio-hw3 */,
				43925F9D1BB7008C009D2E77 /* MaldonadoJulio-hw3Tests */,
				43925FA81BB7008D009D2E77 /* MaldonadoJulio-hw3UITests */,
			);
		};
/* End PBXProject section */

/* Begin PBXResourcesBuildPhase section */
		43925F881BB7008C009D2E77 /* Resources */ = {
			isa = PBXResourcesBuildPhase;
			buildActionMask = 2147483647;
			files = (
				43925FD51BB7140C009D2E77 /* DiamondsQueen.png in Resources */,
				43925FD01BB7140C009D2E77 /* ClubsKing.png in Resources */,
				43925F981BB7008C009D2E77 /* LaunchScreen.storyboard in Resources */,
				43925FD21BB7140C009D2E77 /* DiamondsAce.png in Resources */,
				43925FDC1BB7140C009D2E77 /* SpadesKing.png in Resources */,
				43925FD61BB7140C009D2E77 /* HeartsAce.png in Resources */,
				43925FDD1BB7140C009D2E77 /* SpadesQueen.png in Resources */,
				43925FCE1BB7140C009D2E77 /* ClubsAce.png in Resources */,
				43925FD91BB7140C009D2E77 /* HeartsQueen.png in Resources */,
				43925FD71BB7140C009D2E77 /* HeartsJack.png in Resources */,
				43925FDB1BB7140C009D2E77 /* SpadesJack.png in Resources */,
				43925FCF1BB7140C009D2E77 /* ClubsJack.png in Resources */,
				43925FDA1BB7140C009D2E77 /* SpadesAce.png in Resources */,
				43925F951BB7008C009D2E77 /* Assets.xcassets in Resources */,
				43925FD31BB7140C009D2E77 /* DiamondsJack.png in Resources */,
				43925FD41BB7140C009D2E77 /* DiamondsKing.png in Resources */,
				43925FD11BB7140C009D2E77 /* ClubsQueen.png in Resources */,
				43925F931BB7008C009D2E77 /* Main.storyboard in Resources */,
				43925FD81BB7140C009D2E77 /* HeartsKing.png in Resources */,
			);
			runOnlyForDeploymentPostprocessing = 0;
		};
		43925F9C1BB7008C009D2E77 /* Resources */ = {
			isa = PBXResourcesBuildPhase;
			buildActionMask = 2147483647;
			files = (
			);
			runOnlyForDeploymentPostprocessing = 0;
		};
		43925FA71BB7008D009D2E77 /* Resources */ = {
			isa = PBXResourcesBuildPhase;
			buildActionMask = 2147483647;
			files = (
			);
			runOnlyForDeploymentPostprocessing = 0;
		};
/* End PBXResourcesBuildPhase section */

/* Begin PBXSourcesBuildPhase section */
		43925F861BB7008C009D2E77 /* Sources */ = {
			isa = PBXSourcesBuildPhase;
			buildActionMask = 2147483647;
			files = (
				43925F8E1BB7008C009D2E77 /* AppDelegate.swift in Sources */,
				43925FED1BB78C6E009D2E77 /* CVController.swift in Sources */,
				43925FEB1BB78AB9009D2E77 /* CVCell.swift in Sources */,
				43925FBC1BB70533009D2E77 /* TableViewController.swift in Sources */,
				43925FE11BB71F0B009D2E77 /* Card.swift in Sources */,
			);
			runOnlyForDeploymentPostprocessing = 0;
		};
		43925F9A1BB7008C009D2E77 /* Sources */ = {
			isa = PBXSourcesBuildPhase;
			buildActionMask = 2147483647;
			files = (
				43925FA31BB7008C009D2E77 /* MaldonadoJulio_hw3Tests.swift in Sources */,
			);
			runOnlyForDeploymentPostprocessing = 0;
		};
		43925FA51BB7008D009D2E77 /* Sources */ = {
			isa = PBXSourcesBuildPhase;
			buildActionMask = 2147483647;
			files = (
				43925FAE1BB7008D009D2E77 /* MaldonadoJulio_hw3UITests.swift in Sources */,
			);
			runOnlyForDeploymentPostprocessing = 0;
		};
/* End PBXSourcesBuildPhase section */

/* Begin PBXTargetDependency section */
		43925FA01BB7008C009D2E77 /* PBXTargetDependency */ = {
			isa = PBXTargetDependency;
			target = 43925F891BB7008C009D2E77 /* MaldonadoJulio-hw3 */;
			targetProxy = 43925F9F1BB7008C009D2E77 /* PBXContainerItemProxy */;
		};
		43925FAB1BB7008D009D2E77 /* PBXTargetDependency */ = {
			isa = PBXTargetDependency;
			target = 43925F891BB7008C009D2E77 /* MaldonadoJulio-hw3 */;
			targetProxy = 43925FAA1BB7008D009D2E77 /* PBXContainerItemProxy */;
		};
/* End PBXTargetDependency section */

/* Begin PBXVariantGroup section */
		43925F911BB7008C009D2E77 /* Main.storyboard */ = {
			isa = PBXVariantGroup;
			children = (
				43925F921BB7008C009D2E77 /* Base */,
			);
			name = Main.storyboard;
			sourceTree = "<group>";
		};
		43925F961BB7008C009D2E77 /* LaunchScreen.storyboard */ = {
			isa = PBXVariantGroup;
			children = (
				43925F971BB7008C009D2E77 /* Base */,
			);
			name = LaunchScreen.storyboard;
			sourceTree = "<group>";
		};
/* End PBXVariantGroup section */

/* Begin XCBuildConfiguration section */
		43925FB01BB7008D009D2E77 /* Debug */ = {
			isa = XCBuildConfiguration;
			buildSettings = {
				ALWAYS_SEARCH_USER_PATHS = NO;
				CLANG_CXX_LANGUAGE_STANDARD = "gnu++0x";
				CLANG_CXX_LIBRARY = "libc++";
				CLANG_ENABLE_MODULES = YES;
				CLANG_ENABLE_OBJC_ARC = YES;
				CLANG_WARN_BOOL_CONVERSION = YES;
				CLANG_WARN_CONSTANT_CONVERSION = YES;
				CLANG_WARN_DIRECT_OBJC_ISA_USAGE = YES_ERROR;
				CLANG_WARN_EMPTY_BODY = YES;
				CLANG_WARN_ENUM_CONVERSION = YES;
				CLANG_WARN_INT_CONVERSION = YES;
				CLANG_WARN_OBJC_ROOT_CLASS = YES_ERROR;
				CLANG_WARN_UNREACHABLE_CODE = YES;
				CLANG_WARN__DUPLICATE_METHOD_MATCH = YES;
				"CODE_SIGN_IDENTITY[sdk=iphoneos*]" = "iPhone Developer";
				COPY_PHASE_STRIP = NO;
				DEBUG_INFORMATION_FORMAT = dwarf;
				ENABLE_STRICT_OBJC_MSGSEND = YES;
				ENABLE_TESTABILITY = YES;
				GCC_C_LANGUAGE_STANDARD = gnu99;
				GCC_DYNAMIC_NO_PIC = NO;
				GCC_NO_COMMON_BLOCKS = YES;
				GCC_OPTIMIZATION_LEVEL = 0;
				GCC_PREPROCESSOR_DEFINITIONS = (
					"DEBUG=1",
					"$(inherited)",
				);
				GCC_WARN_64_TO_32_BIT_CONVERSION = YES;
				GCC_WARN_ABOUT_RETURN_TYPE = YES_ERROR;
				GCC_WARN_UNDECLARED_SELECTOR = YES;
				GCC_WARN_UNINITIALIZED_AUTOS = YES_AGGRESSIVE;
				GCC_WARN_UNUSED_FUNCTION = YES;
				GCC_WARN_UNUSED_VARIABLE = YES;
				IPHONEOS_DEPLOYMENT_TARGET = 9.0;
				MTL_ENABLE_DEBUG_INFO = YES;
				ONLY_ACTIVE_ARCH = YES;
				SDKROOT = iphoneos;
				SWIFT_OPTIMIZATION_LEVEL = "-Onone";
				TARGETED_DEVICE_FAMILY = "1,2";
			};
			name = Debug;
		};
		43925FB11BB7008D009D2E77 /* Release */ = {
			isa = XCBuildConfiguration;
			buildSettings = {
				ALWAYS_SEARCH_USER_PATHS = NO;
				CLANG_CXX_LANGUAGE_STANDARD = "gnu++0x";
				CLANG_CXX_LIBRARY = "libc++";
				CLANG_ENABLE_MODULES = YES;
				CLANG_ENABLE_OBJC_ARC = YES;
				CLANG_WARN_BOOL_CONVERSION = YES;
				CLANG_WARN_CONSTANT_CONVERSION = YES;
				CLANG_WARN_DIRECT_OBJC_ISA_USAGE = YES_ERROR;
				CLANG_WARN_EMPTY_BODY = YES;
				CLANG_WARN_ENUM_CONVERSION = YES;
				CLANG_WARN_INT_CONVERSION = YES;
				CLANG_WARN_OBJC_ROOT_CLASS = YES_ERROR;
				CLANG_WARN_UNREACHABLE_CODE = YES;
				CLANG_WARN__DUPLICATE_METHOD_MATCH = YES;
				"CODE_SIGN_IDENTITY[sdk=iphoneos*]" = "iPhone Developer";
				COPY_PHASE_STRIP = NO;
				DEBUG_INFORMATION_FORMAT = "dwarf-with-dsym";
				ENABLE_NS_ASSERTIONS = NO;
				ENABLE_STRICT_OBJC_MSGSEND = YES;
				GCC_C_LANGUAGE_STANDARD = gnu99;
				GCC_NO_COMMON_BLOCKS = YES;
				GCC_WARN_64_TO_32_BIT_CONVERSION = YES;
				GCC_WARN_ABOUT_RETURN_TYPE = YES_ERROR;
				GCC_WARN_UNDECLARED_SELECTOR = YES;
				GCC_WARN_UNINITIALIZED_AUTOS = YES_AGGRESSIVE;
				GCC_WARN_UNUSED_FUNCTION = YES;
				GCC_WARN_UNUSED_VARIABLE = YES;
				IPHONEOS_DEPLOYMENT_TARGET = 9.0;
				MTL_ENABLE_DEBUG_INFO = NO;
				SDKROOT = iphoneos;
				TARGETED_DEVICE_FAMILY = "1,2";
				VALIDATE_PRODUCT = YES;
			};
			name = Release;
		};
		43925FB31BB7008D009D2E77 /* Debug */ = {
			isa = XCBuildConfiguration;
			buildSettings = {
				ASSETCATALOG_COMPILER_APPICON_NAME = AppIcon;
				INFOPLIST_FILE = "MaldonadoJulio-hw3/Info.plist";
				LD_RUNPATH_SEARCH_PATHS = "$(inherited) @executable_path/Frameworks";
				PRODUCT_BUNDLE_IDENTIFIER = "com.cs378.MaldonadoJulio-hw3";
				PRODUCT_NAME = "$(TARGET_NAME)";
			};
			name = Debug;
		};
		43925FB41BB7008D009D2E77 /* Release */ = {
			isa = XCBuildConfiguration;
			buildSettings = {
				ASSETCATALOG_COMPILER_APPICON_NAME = AppIcon;
				INFOPLIST_FILE = "MaldonadoJulio-hw3/Info.plist";
				LD_RUNPATH_SEARCH_PATHS = "$(inherited) @executable_path/Frameworks";
				PRODUCT_BUNDLE_IDENTIFIER = "com.cs378.MaldonadoJulio-hw3";
				PRODUCT_NAME = "$(TARGET_NAME)";
			};
			name = Release;
		};
		43925FB61BB7008D009D2E77 /* Debug */ = {
			isa = XCBuildConfiguration;
			buildSettings = {
				BUNDLE_LOADER = "$(TEST_HOST)";
				INFOPLIST_FILE = "MaldonadoJulio-hw3Tests/Info.plist";
				LD_RUNPATH_SEARCH_PATHS = "$(inherited) @executable_path/Frameworks @loader_path/Frameworks";
				PRODUCT_BUNDLE_IDENTIFIER = "com.cs378.MaldonadoJulio-hw3Tests";
				PRODUCT_NAME = "$(TARGET_NAME)";
				TEST_HOST = "$(BUILT_PRODUCTS_DIR)/MaldonadoJulio-hw3.app/MaldonadoJulio-hw3";
			};
			name = Debug;
		};
		43925FB71BB7008D009D2E77 /* Release */ = {
			isa = XCBuildConfiguration;
			buildSettings = {
				BUNDLE_LOADER = "$(TEST_HOST)";
				INFOPLIST_FILE = "MaldonadoJulio-hw3Tests/Info.plist";
				LD_RUNPATH_SEARCH_PATHS = "$(inherited) @executable_path/Frameworks @loader_path/Frameworks";
				PRODUCT_BUNDLE_IDENTIFIER = "com.cs378.MaldonadoJulio-hw3Tests";
				PRODUCT_NAME = "$(TARGET_NAME)";
				TEST_HOST = "$(BUILT_PRODUCTS_DIR)/MaldonadoJulio-hw3.app/MaldonadoJulio-hw3";
			};
			name = Release;
		};
		43925FB91BB7008D009D2E77 /* Debug */ = {
			isa = XCBuildConfiguration;
			buildSettings = {
				INFOPLIST_FILE = "MaldonadoJulio-hw3UITests/Info.plist";
				LD_RUNPATH_SEARCH_PATHS = "$(inherited) @executable_path/Frameworks @loader_path/Frameworks";
				PRODUCT_BUNDLE_IDENTIFIER = "com.cs378.MaldonadoJulio-hw3UITests";
				PRODUCT_NAME = "$(TARGET_NAME)";
				TEST_TARGET_NAME = "MaldonadoJulio-hw3";
				USES_XCTRUNNER = YES;
			};
			name = Debug;
		};
		43925FBA1BB7008D009D2E77 /* Release */ = {
			isa = XCBuildConfiguration;
			buildSettings = {
				INFOPLIST_FILE = "MaldonadoJulio-hw3UITests/Info.plist";
				LD_RUNPATH_SEARCH_PATHS = "$(inherited) @executable_path/Frameworks @loader_path/Frameworks";
				PRODUCT_BUNDLE_IDENTIFIER = "com.cs378.MaldonadoJulio-hw3UITests";
				PRODUCT_NAME = "$(TARGET_NAME)";
				TEST_TARGET_NAME = "MaldonadoJulio-hw3";
				USES_XCTRUNNER = YES;
			};
			name = Release;
		};
/* End XCBuildConfiguration section */

/* Begin XCConfigurationList section */
		43925F851BB7008C009D2E77 /* Build configuration list for PBXProject "MaldonadoJulio-hw3" */ = {
			isa = XCConfigurationList;
			buildConfigurations = (
				43925FB01BB7008D009D2E77 /* Debug */,
				43925FB11BB7008D009D2E77 /* Release */,
			);
			defaultConfigurationIsVisible = 0;
			defaultConfigurationName = Release;
		};
		43925FB21BB7008D009D2E77 /* Build configuration list for PBXNativeTarget "MaldonadoJulio-hw3" */ = {
			isa = XCConfigurationList;
			buildConfigurations = (
				43925FB31BB7008D009D2E77 /* Debug */,
				43925FB41BB7008D009D2E77 /* Release */,
			);
			defaultConfigurationIsVisible = 0;
		};
		43925FB51BB7008D009D2E77 /* Build configuration list for PBXNativeTarget "MaldonadoJulio-hw3Tests" */ = {
			isa = XCConfigurationList;
			buildConfigurations = (
				43925FB61BB7008D009D2E77 /* Debug */,
				43925FB71BB7008D009D2E77 /* Release */,
			);
			defaultConfigurationIsVisible = 0;
		};
		43925FB81BB7008D009D2E77 /* Build configuration list for PBXNativeTarget "MaldonadoJulio-hw3UITests" */ = {
			isa = XCConfigurationList;
			buildConfigurations = (
				43925FB91BB7008D009D2E77 /* Debug */,
				43925FBA1BB7008D009D2E77 /* Release */,
			);
			defaultConfigurationIsVisible = 0;
		};
/* End XCConfigurationList section */
	};
	rootObject = 43925F821BB7008C009D2E77 /* Project object */;
}
